// !$*UTF8*$!
{
	archiveVersion = 1;
	classes = {
	};
	objectVersion = 48;
	objects = {

/* Begin PBXBuildFile section */
		4DFEF1471F14008400CE0721 /* AppDelegate.swift in Sources */ = {isa = PBXBuildFile; fileRef = 4DFEF1461F14008400CE0721 /* AppDelegate.swift */; };
		4DFEF1491F14008400CE0721 /* ViewController.swift in Sources */ = {isa = PBXBuildFile; fileRef = 4DFEF1481F14008400CE0721 /* ViewController.swift */; };
		4DFEF14C1F14008400CE0721 /* Main.storyboard in Resources */ = {isa = PBXBuildFile; fileRef = 4DFEF14A1F14008400CE0721 /* Main.storyboard */; };
		4DFEF14E1F14008400CE0721 /* Assets.xcassets in Resources */ = {isa = PBXBuildFile; fileRef = 4DFEF14D1F14008400CE0721 /* Assets.xcassets */; };
		4DFEF1511F14008400CE0721 /* LaunchScreen.storyboard in Resources */ = {isa = PBXBuildFile; fileRef = 4DFEF14F1F14008400CE0721 /* LaunchScreen.storyboard */; };
		4DFEF15A1F1417F300CE0721 /* AVFoundation.framework in Frameworks */ = {isa = PBXBuildFile; fileRef = 4DFEF1591F1417DF00CE0721 /* AVFoundation.framework */; };
		4DFEF15E1F15674700CE0721 /* VectorMath.swift in Sources */ = {isa = PBXBuildFile; fileRef = 4DFEF15D1F15613200CE0721 /* VectorMath.swift */; };
		4DFEF1601F15A0C700CE0721 /* Navigation.swift in Sources */ = {isa = PBXBuildFile; fileRef = 4DFEF15F1F15A0C700CE0721 /* Navigation.swift */; };
		4DFEF1611F15A58D00CE0721 /* PathFinder.swift in Sources */ = {isa = PBXBuildFile; fileRef = 4DFEF15B1F155F6400CE0721 /* PathFinder.swift */; };
/* End PBXBuildFile section */

/* Begin PBXFileReference section */
		4DFEF1431F14008400CE0721 /* BreadCrumbs.app */ = {isa = PBXFileReference; explicitFileType = wrapper.application; includeInIndex = 0; path = BreadCrumbs.app; sourceTree = BUILT_PRODUCTS_DIR; };
		4DFEF1461F14008400CE0721 /* AppDelegate.swift */ = {isa = PBXFileReference; lastKnownFileType = sourcecode.swift; path = AppDelegate.swift; sourceTree = "<group>"; };
		4DFEF1481F14008400CE0721 /* ViewController.swift */ = {isa = PBXFileReference; lastKnownFileType = sourcecode.swift; path = ViewController.swift; sourceTree = "<group>"; };
		4DFEF14B1F14008400CE0721 /* Base */ = {isa = PBXFileReference; lastKnownFileType = file.storyboard; name = Base; path = Base.lproj/Main.storyboard; sourceTree = "<group>"; };
		4DFEF14D1F14008400CE0721 /* Assets.xcassets */ = {isa = PBXFileReference; lastKnownFileType = folder.assetcatalog; path = Assets.xcassets; sourceTree = "<group>"; };
		4DFEF1501F14008400CE0721 /* Base */ = {isa = PBXFileReference; lastKnownFileType = file.storyboard; name = Base; path = Base.lproj/LaunchScreen.storyboard; sourceTree = "<group>"; };
		4DFEF1521F14008400CE0721 /* Info.plist */ = {isa = PBXFileReference; lastKnownFileType = text.plist.xml; path = Info.plist; sourceTree = "<group>"; };
		4DFEF1591F1417DF00CE0721 /* AVFoundation.framework */ = {isa = PBXFileReference; lastKnownFileType = wrapper.framework; name = AVFoundation.framework; path = System/Library/Frameworks/AVFoundation.framework; sourceTree = SDKROOT; };
		4DFEF15B1F155F6400CE0721 /* PathFinder.swift */ = {isa = PBXFileReference; lastKnownFileType = sourcecode.swift; path = PathFinder.swift; sourceTree = "<group>"; };
		4DFEF15D1F15613200CE0721 /* VectorMath.swift */ = {isa = PBXFileReference; lastKnownFileType = sourcecode.swift; path = VectorMath.swift; sourceTree = "<group>"; };
		4DFEF15F1F15A0C700CE0721 /* Navigation.swift */ = {isa = PBXFileReference; lastKnownFileType = sourcecode.swift; path = Navigation.swift; sourceTree = "<group>"; };
/* End PBXFileReference section */

/* Begin PBXFrameworksBuildPhase section */
		4DFEF1401F14008400CE0721 /* Frameworks */ = {
			isa = PBXFrameworksBuildPhase;
			buildActionMask = 2147483647;
			files = (
				4DFEF15A1F1417F300CE0721 /* AVFoundation.framework in Frameworks */,
			);
			runOnlyForDeploymentPostprocessing = 0;
		};
/* End PBXFrameworksBuildPhase section */

/* Begin PBXGroup section */
		4DFEF13A1F14008400CE0721 = {
			isa = PBXGroup;
			children = (
				4DFEF1451F14008400CE0721 /* BreadCrumbs */,
				4DFEF1441F14008400CE0721 /* Products */,
				4DFEF1581F1417DF00CE0721 /* Frameworks */,
			);
			sourceTree = "<group>";
		};
		4DFEF1441F14008400CE0721 /* Products */ = {
			isa = PBXGroup;
			children = (
				4DFEF1431F14008400CE0721 /* BreadCrumbs.app */,
			);
			name = Products;
			sourceTree = "<group>";
		};
		4DFEF1451F14008400CE0721 /* BreadCrumbs */ = {
			isa = PBXGroup;
			children = (
				4DFEF1461F14008400CE0721 /* AppDelegate.swift */,
				4DFEF1481F14008400CE0721 /* ViewController.swift */,
				4DFEF15D1F15613200CE0721 /* VectorMath.swift */,
				4DFEF15B1F155F6400CE0721 /* PathFinder.swift */,
				4DFEF15F1F15A0C700CE0721 /* Navigation.swift */,
				4DFEF14A1F14008400CE0721 /* Main.storyboard */,
				4DFEF14D1F14008400CE0721 /* Assets.xcassets */,
				4DFEF14F1F14008400CE0721 /* LaunchScreen.storyboard */,
				4DFEF1521F14008400CE0721 /* Info.plist */,
			);
			path = BreadCrumbs;
			sourceTree = "<group>";
		};
		4DFEF1581F1417DF00CE0721 /* Frameworks */ = {
			isa = PBXGroup;
			children = (
				4DFEF1591F1417DF00CE0721 /* AVFoundation.framework */,
			);
			name = Frameworks;
			sourceTree = "<group>";
		};
/* End PBXGroup section */

/* Begin PBXNativeTarget section */
		4DFEF1421F14008400CE0721 /* BreadCrumbs */ = {
			isa = PBXNativeTarget;
			buildConfigurationList = 4DFEF1551F14008400CE0721 /* Build configuration list for PBXNativeTarget "BreadCrumbs" */;
			buildPhases = (
				4DFEF13F1F14008400CE0721 /* Sources */,
				4DFEF1401F14008400CE0721 /* Frameworks */,
				4DFEF1411F14008400CE0721 /* Resources */,
			);
			buildRules = (
			);
			dependencies = (
			);
			name = BreadCrumbs;
			productName = ARKitTest;
			productReference = 4DFEF1431F14008400CE0721 /* BreadCrumbs.app */;
			productType = "com.apple.product-type.application";
		};
/* End PBXNativeTarget section */

/* Begin PBXProject section */
		4DFEF13B1F14008400CE0721 /* Project object */ = {
			isa = PBXProject;
			attributes = {
				LastSwiftUpdateCheck = 0900;
				LastUpgradeCheck = 0900;
				ORGANIZATIONNAME = Stanford;
				TargetAttributes = {
					4DFEF1421F14008400CE0721 = {
						CreatedOnToolsVersion = 9.0;
					};
				};
			};
			buildConfigurationList = 4DFEF13E1F14008400CE0721 /* Build configuration list for PBXProject "BreadCrumbs" */;
			compatibilityVersion = "Xcode 8.0";
			developmentRegion = en;
			hasScannedForEncodings = 0;
			knownRegions = (
				en,
				Base,
			);
			mainGroup = 4DFEF13A1F14008400CE0721;
			productRefGroup = 4DFEF1441F14008400CE0721 /* Products */;
			projectDirPath = "";
			projectRoot = "";
			targets = (
				4DFEF1421F14008400CE0721 /* BreadCrumbs */,
			);
		};
/* End PBXProject section */

/* Begin PBXResourcesBuildPhase section */
		4DFEF1411F14008400CE0721 /* Resources */ = {
			isa = PBXResourcesBuildPhase;
			buildActionMask = 2147483647;
			files = (
				4DFEF1511F14008400CE0721 /* LaunchScreen.storyboard in Resources */,
				4DFEF14E1F14008400CE0721 /* Assets.xcassets in Resources */,
				4DFEF14C1F14008400CE0721 /* Main.storyboard in Resources */,
			);
			runOnlyForDeploymentPostprocessing = 0;
		};
/* End PBXResourcesBuildPhase section */

/* Begin PBXSourcesBuildPhase section */
		4DFEF13F1F14008400CE0721 /* Sources */ = {
			isa = PBXSourcesBuildPhase;
			buildActionMask = 2147483647;
			files = (
				4DFEF15E1F15674700CE0721 /* VectorMath.swift in Sources */,
				4DFEF1491F14008400CE0721 /* ViewController.swift in Sources */,
				4DFEF1611F15A58D00CE0721 /* PathFinder.swift in Sources */,
				4DFEF1601F15A0C700CE0721 /* Navigation.swift in Sources */,
				4DFEF1471F14008400CE0721 /* AppDelegate.swift in Sources */,
			);
			runOnlyForDeploymentPostprocessing = 0;
		};
/* End PBXSourcesBuildPhase section */

/* Begin PBXVariantGroup section */
		4DFEF14A1F14008400CE0721 /* Main.storyboard */ = {
			isa = PBXVariantGroup;
			children = (
				4DFEF14B1F14008400CE0721 /* Base */,
			);
			name = Main.storyboard;
			sourceTree = "<group>";
		};
		4DFEF14F1F14008400CE0721 /* LaunchScreen.storyboard */ = {
			isa = PBXVariantGroup;
			children = (
				4DFEF1501F14008400CE0721 /* Base */,
			);
			name = LaunchScreen.storyboard;
			sourceTree = "<group>";
		};
/* End PBXVariantGroup section */

/* Begin XCBuildConfiguration section */
		4DFEF1531F14008400CE0721 /* Debug */ = {
			isa = XCBuildConfiguration;
			buildSettings = {
				ALWAYS_SEARCH_USER_PATHS = NO;
				CLANG_ANALYZER_NONNULL = YES;
				CLANG_ANALYZER_NUMBER_OBJECT_CONVERSION = YES_AGGRESSIVE;
				CLANG_CXX_LANGUAGE_STANDARD = "gnu++14";
				CLANG_CXX_LIBRARY = "libc++";
				CLANG_ENABLE_MODULES = YES;
				CLANG_ENABLE_OBJC_ARC = YES;
				CLANG_WARN_BLOCK_CAPTURE_AUTORELEASING = YES;
				CLANG_WARN_BOOL_CONVERSION = YES;
				CLANG_WARN_COMMA = YES;
				CLANG_WARN_CONSTANT_CONVERSION = YES;
				CLANG_WARN_DIRECT_OBJC_ISA_USAGE = YES_ERROR;
				CLANG_WARN_DOCUMENTATION_COMMENTS = YES;
				CLANG_WARN_EMPTY_BODY = YES;
				CLANG_WARN_ENUM_CONVERSION = YES;
				CLANG_WARN_INFINITE_RECURSION = YES;
				CLANG_WARN_INT_CONVERSION = YES;
				CLANG_WARN_OBJC_ROOT_CLASS = YES_ERROR;
				CLANG_WARN_RANGE_LOOP_ANALYSIS = YES;
				CLANG_WARN_STRICT_PROTOTYPES = YES;
				CLANG_WARN_SUSPICIOUS_MOVE = YES;
				CLANG_WARN_UNGUARDED_AVAILABILITY = YES_AGGRESSIVE;
				CLANG_WARN_UNREACHABLE_CODE = YES;
				CLANG_WARN__DUPLICATE_METHOD_MATCH = YES;
				CODE_SIGN_IDENTITY = "iPhone Developer";
				COPY_PHASE_STRIP = NO;
				DEBUG_INFORMATION_FORMAT = dwarf;
				ENABLE_STRICT_OBJC_MSGSEND = YES;
				ENABLE_TESTABILITY = YES;
				GCC_C_LANGUAGE_STANDARD = gnu11;
				GCC_DYNAMIC_NO_PIC = NO;
				GCC_NO_COMMON_BLOCKS = YES;
				GCC_OPTIMIZATION_LEVEL = 0;
				GCC_PREPROCESSOR_DEFINITIONS = (
					"DEBUG=1",
					"$(inherited)",
				);
				GCC_WARN_64_TO_32_BIT_CONVERSION = YES;
				GCC_WARN_ABOUT_RETURN_TYPE = YES_ERROR;
				GCC_WARN_UNDECLARED_SELECTOR = YES;
				GCC_WARN_UNINITIALIZED_AUTOS = YES_AGGRESSIVE;
				GCC_WARN_UNUSED_FUNCTION = YES;
				GCC_WARN_UNUSED_VARIABLE = YES;
				IPHONEOS_DEPLOYMENT_TARGET = 11.0;
				MTL_ENABLE_DEBUG_INFO = YES;
				ONLY_ACTIVE_ARCH = YES;
				SDKROOT = iphoneos;
				SWIFT_ACTIVE_COMPILATION_CONDITIONS = DEBUG;
				SWIFT_OPTIMIZATION_LEVEL = "-Onone";
			};
			name = Debug;
		};
		4DFEF1541F14008400CE0721 /* Release */ = {
			isa = XCBuildConfiguration;
			buildSettings = {
				ALWAYS_SEARCH_USER_PATHS = NO;
				CLANG_ANALYZER_NONNULL = YES;
				CLANG_ANALYZER_NUMBER_OBJECT_CONVERSION = YES_AGGRESSIVE;
				CLANG_CXX_LANGUAGE_STANDARD = "gnu++14";
				CLANG_CXX_LIBRARY = "libc++";
				CLANG_ENABLE_MODULES = YES;
				CLANG_ENABLE_OBJC_ARC = YES;
				CLANG_WARN_BLOCK_CAPTURE_AUTORELEASING = YES;
				CLANG_WARN_BOOL_CONVERSION = YES;
				CLANG_WARN_COMMA = YES;
				CLANG_WARN_CONSTANT_CONVERSION = YES;
				CLANG_WARN_DIRECT_OBJC_ISA_USAGE = YES_ERROR;
				CLANG_WARN_DOCUMENTATION_COMMENTS = YES;
				CLANG_WARN_EMPTY_BODY = YES;
				CLANG_WARN_ENUM_CONVERSION = YES;
				CLANG_WARN_INFINITE_RECURSION = YES;
				CLANG_WARN_INT_CONVERSION = YES;
				CLANG_WARN_OBJC_ROOT_CLASS = YES_ERROR;
				CLANG_WARN_RANGE_LOOP_ANALYSIS = YES;
				CLANG_WARN_STRICT_PROTOTYPES = YES;
				CLANG_WARN_SUSPICIOUS_MOVE = YES;
				CLANG_WARN_UNGUARDED_AVAILABILITY = YES_AGGRESSIVE;
				CLANG_WARN_UNREACHABLE_CODE = YES;
				CLANG_WARN__DUPLICATE_METHOD_MATCH = YES;
				CODE_SIGN_IDENTITY = "iPhone Developer";
				COPY_PHASE_STRIP = NO;
				DEBUG_INFORMATION_FORMAT = "dwarf-with-dsym";
				ENABLE_NS_ASSERTIONS = NO;
				ENABLE_STRICT_OBJC_MSGSEND = YES;
				GCC_C_LANGUAGE_STANDARD = gnu11;
				GCC_NO_COMMON_BLOCKS = YES;
				GCC_WARN_64_TO_32_BIT_CONVERSION = YES;
				GCC_WARN_ABOUT_RETURN_TYPE = YES_ERROR;
				GCC_WARN_UNDECLARED_SELECTOR = YES;
				GCC_WARN_UNINITIALIZED_AUTOS = YES_AGGRESSIVE;
				GCC_WARN_UNUSED_FUNCTION = YES;
				GCC_WARN_UNUSED_VARIABLE = YES;
				IPHONEOS_DEPLOYMENT_TARGET = 11.0;
				MTL_ENABLE_DEBUG_INFO = NO;
				SDKROOT = iphoneos;
				SWIFT_OPTIMIZATION_LEVEL = "-Owholemodule";
				VALIDATE_PRODUCT = YES;
			};
			name = Release;
		};
		4DFEF1561F14008400CE0721 /* Debug */ = {
			isa = XCBuildConfiguration;
			buildSettings = {
				ASSETCATALOG_COMPILER_APPICON_NAME = AppIcon;
				DEVELOPMENT_TEAM = DD2BU5ZDSZ;
				INFOPLIST_FILE = BreadCrumbs/Info.plist;
				LD_RUNPATH_SEARCH_PATHS = "$(inherited) @executable_path/Frameworks";
				PRODUCT_BUNDLE_IDENTIFIER = edu.stanford.csyoon95.ARKitTest;
				PRODUCT_NAME = "$(TARGET_NAME)";
				SWIFT_VERSION = 4.0;
				TARGETED_DEVICE_FAMILY = "1,2";
			};
			name = Debug;
		};
		4DFEF1571F14008400CE0721 /* Release */ = {
			isa = XCBuildConfiguration;
			buildSettings = {
				ASSETCATALOG_COMPILER_APPICON_NAME = AppIcon;
				DEVELOPMENT_TEAM = DD2BU5ZDSZ;
				INFOPLIST_FILE = Breadcrumbs/Info.plist;
				LD_RUNPATH_SEARCH_PATHS = "$(inherited) @executable_path/Frameworks";
				PRODUCT_BUNDLE_IDENTIFIER = edu.stanford.csyoon95.ARKitTest;
				PRODUCT_NAME = "$(TARGET_NAME)";
				SWIFT_VERSION = 4.0;
				TARGETED_DEVICE_FAMILY = "1,2";
			};
			name = Release;
		};
/* End XCBuildConfiguration section */

/* Begin XCConfigurationList section */
		4DFEF13E1F14008400CE0721 /* Build configuration list for PBXProject "BreadCrumbs" */ = {
			isa = XCConfigurationList;
			buildConfigurations = (
				4DFEF1531F14008400CE0721 /* Debug */,
				4DFEF1541F14008400CE0721 /* Release */,
			);
			defaultConfigurationIsVisible = 0;
			defaultConfigurationName = Release;
		};
		4DFEF1551F14008400CE0721 /* Build configuration list for PBXNativeTarget "BreadCrumbs" */ = {
			isa = XCConfigurationList;
			buildConfigurations = (
				4DFEF1561F14008400CE0721 /* Debug */,
				4DFEF1571F14008400CE0721 /* Release */,
			);
			defaultConfigurationIsVisible = 0;
			defaultConfigurationName = Release;
		};
/* End XCConfigurationList section */
	};
	rootObject = 4DFEF13B1F14008400CE0721 /* Project object */;
}
